<?xml version="1.0" encoding="utf-8"?>
<Project ToolsVersion="4.0" xmlns="http://schemas.microsoft.com/developer/msbuild/2003">
  <ItemGroup>
    <Filter Include="dialogs">
      <UniqueIdentifier>{64bed894-a98c-4c24-847b-27b108a2f568}</UniqueIdentifier>
    </Filter>
    <Filter Include="resources">
      <UniqueIdentifier>{9c4a9ac4-670c-4648-91a8-cd6971e12411}</UniqueIdentifier>
    </Filter>
    <Filter Include="Libs">
      <UniqueIdentifier>{839eab58-6593-4626-9c27-0e1af5598e37}</UniqueIdentifier>
    </Filter>
    <Filter Include="wrappers">
      <UniqueIdentifier>{00016d42-5dd1-46ed-838a-07f1f09105ff}</UniqueIdentifier>
    </Filter>
    <Filter Include="exceptions">
      <UniqueIdentifier>{d5a443e9-0542-4689-b003-4a746597efa9}</UniqueIdentifier>
    </Filter>
    <Filter Include="scheduling">
      <UniqueIdentifier>{ffee0248-9cc7-4e24-bdc5-41d331d8bdde}</UniqueIdentifier>
    </Filter>
    <Filter Include="dialogs\propertyHandlers">
      <UniqueIdentifier>{1f0693cd-ca48-45ec-a285-68ae29011cb2}</UniqueIdentifier>
    </Filter>
    <Filter Include="dialogs\propertyHandlers\textMappings">
      <UniqueIdentifier>{2dead3a8-e519-4d30-af88-7a6afa88f456}</UniqueIdentifier>
    </Filter>
  </ItemGroup>
  <ItemGroup>
    <ClCompile Include="dialogs\AboutDlg.cpp">
      <Filter>dialogs</Filter>
    </ClCompile>
    <ClCompile Include="dialogs\MainDlg.cpp">
      <Filter>dialogs</Filter>
    </ClCompile>
    <ClCompile Include="wrappers\Camera.cpp">
      <Filter>wrappers</Filter>
    </ClCompile>
    <ClCompile Include="wrappers\CameraManager.cpp">
      <Filter>wrappers</Filter>
    </ClCompile>
    <ClCompile Include="wrappers\Image.cpp">
      <Filter>wrappers</Filter>
    </ClCompile>
    <ClCompile Include="exceptions\ArgumentException.cpp">
      <Filter>exceptions</Filter>
    </ClCompile>
    <ClCompile Include="exceptions\InvalidOperationException.cpp">
      <Filter>exceptions</Filter>
    </ClCompile>
    <ClCompile Include="exceptions\MyException.cpp">
      <Filter>exceptions</Filter>
    </ClCompile>
    <ClCompile Include="FreeMoteDSLR.cpp" />
    <ClCompile Include="stdafx.cpp" />
    <ClCompile Include="scheduling\TaskRunner.cpp">
      <Filter>scheduling</Filter>
    </ClCompile>
    <ClCompile Include="exceptions\SysException.cpp">
      <Filter>exceptions</Filter>
    </ClCompile>
    <ClCompile Include="scheduling\OpenSessionTask.cpp">
      <Filter>scheduling</Filter>
    </ClCompile>
    <ClCompile Include="wrappers\CallbackHandler.cpp">
      <Filter>wrappers</Filter>
    </ClCompile>
    <ClCompile Include="scheduling\TakePictureTask.cpp">
      <Filter>scheduling</Filter>
    </ClCompile>
    <ClCompile Include="scheduling\DownloadTask.cpp">
      <Filter>scheduling</Filter>
    </ClCompile>
    <ClCompile Include="scheduling\CloseSessionTask.cpp">
      <Filter>scheduling</Filter>
    </ClCompile>
    <ClCompile Include="scheduling\PreviewTask.cpp">
      <Filter>scheduling</Filter>
    </ClCompile>
    <ClCompile Include="dialogs\propertyHandlers\TitleHandler.cpp">
      <Filter>dialogs\propertyHandlers</Filter>
    </ClCompile>
    <ClCompile Include="scheduling\PropertyPossibleValuesRetrieverTask.cpp">
      <Filter>scheduling</Filter>
    </ClCompile>
    <ClCompile Include="dialogs\propertyHandlers\MultiValuePropertyHandler.cpp">
      <Filter>dialogs\propertyHandlers</Filter>
    </ClCompile>
    <ClCompile Include="dialogs\propertyHandlers\textMappings\IsoSpeedMapping.cpp">
      <Filter>dialogs\propertyHandlers\textMappings</Filter>
    </ClCompile>
    <ClCompile Include="dialogs\propertyHandlers\textMappings\TextMapping.cpp">
      <Filter>dialogs\propertyHandlers\textMappings</Filter>
    </ClCompile>
    <ClCompile Include="scheduling\PropertyRetrieverTask.cpp">
      <Filter>scheduling</Filter>
    </ClCompile>
    <ClCompile Include="dialogs\propertyHandlers\textMappings\ApertureMapping.cpp">
      <Filter>dialogs\propertyHandlers\textMappings</Filter>
    </ClCompile>
    <ClCompile Include="dialogs\propertyHandlers\textMappings\SpeedMapping.cpp">
      <Filter>dialogs\propertyHandlers\textMappings</Filter>
    </ClCompile>
  </ItemGroup>
  <ItemGroup>
    <ClInclude Include="dialogs\AboutDlg.h">
      <Filter>dialogs</Filter>
    </ClInclude>
    <ClInclude Include="dialogs\MainDlg.h">
      <Filter>dialogs</Filter>
    </ClInclude>
    <ClInclude Include="resources\resource.h">
      <Filter>resources</Filter>
    </ClInclude>
    <ClInclude Include="wrappers\Camera.h">
      <Filter>wrappers</Filter>
    </ClInclude>
    <ClInclude Include="wrappers\CameraManager.h">
      <Filter>wrappers</Filter>
    </ClInclude>
    <ClInclude Include="wrappers\Image.h">
      <Filter>wrappers</Filter>
    </ClInclude>
    <ClInclude Include="exceptions\ArgumentException.h">
      <Filter>exceptions</Filter>
    </ClInclude>
    <ClInclude Include="exceptions\InvalidOperationException.h">
      <Filter>exceptions</Filter>
    </ClInclude>
    <ClInclude Include="exceptions\MyException.h">
      <Filter>exceptions</Filter>
    </ClInclude>
    <ClInclude Include="FreeMoteDSLR.h" />
    <ClInclude Include="stdafx.h" />
    <ClInclude Include="scheduling\TaskRunner.h">
      <Filter>scheduling</Filter>
    </ClInclude>
    <ClInclude Include="scheduling\Task.h">
      <Filter>scheduling</Filter>
    </ClInclude>
    <ClInclude Include="exceptions\SysException.h">
      <Filter>exceptions</Filter>
    </ClInclude>
    <ClInclude Include="scheduling\OpenSessionTask.h">
      <Filter>scheduling</Filter>
    </ClInclude>
    <ClInclude Include="wrappers\CallbackHandler.h">
      <Filter>wrappers</Filter>
    </ClInclude>
    <ClInclude Include="scheduling\TakePictureTask.h">
      <Filter>scheduling</Filter>
    </ClInclude>
    <ClInclude Include="scheduling\CameraTask.h">
      <Filter>scheduling</Filter>
    </ClInclude>
    <ClInclude Include="scheduling\DownloadTask.h">
      <Filter>scheduling</Filter>
    </ClInclude>
    <ClInclude Include="scheduling\CloseSessionTask.h">
      <Filter>scheduling</Filter>
    </ClInclude>
    <ClInclude Include="scheduling\PreviewTask.h">
      <Filter>scheduling</Filter>
    </ClInclude>
    <ClInclude Include="wrappers\StreamWrapper.h">
      <Filter>wrappers</Filter>
    </ClInclude>
    <ClInclude Include="scheduling\PropertyRetrieverTask.h">
      <Filter>scheduling</Filter>
    </ClInclude>
    <ClInclude Include="dialogs\propertyHandlers\PropertyHandler.h">
      <Filter>dialogs\propertyHandlers</Filter>
    </ClInclude>
    <ClInclude Include="dialogs\propertyHandlers\TitleHandler.h">
      <Filter>dialogs\propertyHandlers</Filter>
    </ClInclude>
    <ClInclude Include="scheduling\PropertyPossibleValuesRetrieverTask.h">
      <Filter>scheduling</Filter>
    </ClInclude>
    <ClInclude Include="dialogs\propertyHandlers\MultiValuePropertyHandler.h">
      <Filter>dialogs\propertyHandlers</Filter>
    </ClInclude>
    <ClInclude Include="dialogs\propertyHandlers\textMappings\IsoSpeedMapping.h">
      <Filter>dialogs\propertyHandlers\textMappings</Filter>
    </ClInclude>
    <ClInclude Include="dialogs\propertyHandlers\textMappings\TextMapping.h">
      <Filter>dialogs\propertyHandlers\textMappings</Filter>
    </ClInclude>
    <ClInclude Include="scheduling\PropertySetterTask.h">
      <Filter>scheduling</Filter>
    </ClInclude>
    <ClInclude Include="dialogs\propertyHandlers\textMappings\ApertureMapping.h">
      <Filter>dialogs\propertyHandlers\textMappings</Filter>
    </ClInclude>
    <ClInclude Include="dialogs\propertyHandlers\textMappings\SpeedMapping.h">
      <Filter>dialogs\propertyHandlers\textMappings</Filter>
    </ClInclude>
  </ItemGroup>
  <ItemGroup>
    <None Include="resources\FreeMoteDSLR.ico">
      <Filter>resources</Filter>
    </None>
    <None Include="..\Libs\DPPDLL.dll">
      <Filter>Libs</Filter>
    </None>
    <None Include="..\Libs\DPPLibCom.dll">
      <Filter>Libs</Filter>
    </None>
    <None Include="..\Libs\DPPRSC.dll">
      <Filter>Libs</Filter>
    </None>
    <None Include="..\Libs\EdsImage.dll">
      <Filter>Libs</Filter>
    </None>
    <None Include="..\Libs\MLib.dll">
      <Filter>Libs</Filter>
    </None>
    <None Include="..\Libs\Ucs32P.dll">
      <Filter>Libs</Filter>
    </None>
  </ItemGroup>
  <ItemGroup>
    <ResourceCompile Include="resources\FreeMoteDSLR.rc">
      <Filter>resources</Filter>
    </ResourceCompile>
  </ItemGroup>
  <ItemGroup>
    <CustomBuild Include="..\Libs\EDSDK.dll">
      <Filter>Libs</Filter>
    </CustomBuild>
  </ItemGroup>
</Project>